
Microsoft Visual Studio Solution File, Format Version 12.00
# Visual Studio Version 17
VisualStudioVersion = 17.10.35013.160
MinimumVisualStudioVersion = 10.0.40219.1
Project("{FAE04EC0-301F-11D3-BF4B-00C04F79EFBC}") = "Exo_CourseVoiture", "Exo_CourseVoiture\Exo_CourseVoiture.csproj", "{5ABA1905-8762-49C5-BC92-B46E9031C622}"
EndProject
Project("{FAE04EC0-301F-11D3-BF4B-00C04F79EFBC}") = "Exo_CourseVoiture.Models", "Exo_CourseVoiture.Models\Exo_CourseVoiture.Models.csproj", "{A936EB38-1C58-4E67-A582-0BD845ABAE7A}"
EndProject
Global
	GlobalSection(SolutionConfigurationPlatforms) = preSolution
		Debug|Any CPU = Debug|Any CPU
		Release|Any CPU = Release|Any CPU
	EndGlobalSection
	GlobalSection(ProjectConfigurationPlatforms) = postSolution
		{5ABA1905-8762-49C5-BC92-B46E9031C622}.Debug|Any CPU.ActiveCfg = Debug|Any CPU
		{5ABA1905-8762-49C5-BC92-B46E9031C622}.Debug|Any CPU.Build.0 = Debug|Any CPU
		{5ABA1905-8762-49C5-BC92-B46E9031C622}.Release|Any CPU.ActiveCfg = Release|Any CPU
		{5ABA1905-8762-49C5-BC92-B46E9031C622}.Release|Any CPU.Build.0 = Release|Any CPU
		{A936EB38-1C58-4E67-A582-0BD845ABAE7A}.Debug|Any CPU.ActiveCfg = Debug|Any CPU
		{A936EB38-1C58-4E67-A582-0BD845ABAE7A}.Debug|Any CPU.Build.0 = Debug|Any CPU
		{A936EB38-1C58-4E67-A582-0BD845ABAE7A}.Release|Any CPU.ActiveCfg = Release|Any CPU
		{A936EB38-1C58-4E67-A582-0BD845ABAE7A}.Release|Any CPU.Build.0 = Release|Any CPU
	EndGlobalSection
	GlobalSection(SolutionProperties) = preSolution
		HideSolutionNode = FALSE
	EndGlobalSection
	GlobalSection(ExtensibilityGlobals) = postSolution
		SolutionGuid = {1CE114DD-E018-414C-BBF0-57EC652B7C85}
	EndGlobalSection
EndGlobal
